# THIS IS AN AUTOGENERATED FILE. DO NOT EDIT THIS FILE DIRECTLY.
# yarn lockfile v1


bluebird@^3.5.4:
  version "3.5.5"
  resolved "https://registry.yarnpkg.com/bluebird/-/bluebird-3.5.5.tgz#a8d0afd73251effbbd5fe384a77d73003c17a71f"
  integrity sha512-5am6HnnfN+urzt4yfg7IgTbotDjIT/u8AJpEt0sIU9FtXfVeezXAPKswrG+xKUCOYAINpSdgZVDU6QFh+cuH3w==

telnet-client@^1.0.4:
  version "1.0.4"
  resolved "https://registry.yarnpkg.com/telnet-client/-/telnet-client-1.0.4.tgz#2480faf6646966ffc416a4ecf40dacd5c9250386"
  integrity sha512-kt8yoEa4k/vwNoTnYaoeu+2E2lACsXHxNJDmMU3WKCOkCfIhbj+D2vqL2hmi80NgH5RytUhrASXe7asjXcjjRg==
  dependencies:
    bluebird "^3.5.4"
